
Microsoft Visual Studio Solution File, Format Version 12.00
# Visual Studio 15
VisualStudioVersion = 15.0.28010.2019
MinimumVisualStudioVersion = 10.0.40219.1
Project("{9A19103F-16F7-4668-BE54-9A1E7A4F7556}") = "M5.GATEWAY", "M5.GATEWAY\M5.GATEWAY.csproj", "{E6D2E9CB-8EC6-4538-A3FC-D90619D7B3A8}"
EndProject
Project("{9A19103F-16F7-4668-BE54-9A1E7A4F7556}") = "M5.AUTHORIZE", "M5.AUTHORIZE\M5.AUTHORIZE.csproj", "{6956E5CB-5C38-4196-8FDC-3F22AE2A1989}"
EndProject
Project("{9A19103F-16F7-4668-BE54-9A1E7A4F7556}") = "M5.API.PROJECT", "M5.API.PROJECT\M5.API.PROJECT.csproj", "{0CF816AF-4EBB-487A-98EE-32CBC781992D}"
EndProject
Project("{9A19103F-16F7-4668-BE54-9A1E7A4F7556}") = "M5.API.USER", "M5.API.USER\M5.API.USER.csproj", "{7649EA08-4B41-4DAB-AFB5-5531B5C21CC8}"
EndProject
Project("{9A19103F-16F7-4668-BE54-9A1E7A4F7556}") = "M5.API.LINK", "M5.API.LINK\M5.API.LINK.csproj", "{8A0E54FB-C920-4951-8BAF-FF60E6D02FF0}"
EndProject
Global
	GlobalSection(SolutionConfigurationPlatforms) = preSolution
		Debug|Any CPU = Debug|Any CPU
		Release|Any CPU = Release|Any CPU
	EndGlobalSection
	GlobalSection(ProjectConfigurationPlatforms) = postSolution
		{E6D2E9CB-8EC6-4538-A3FC-D90619D7B3A8}.Debug|Any CPU.ActiveCfg = Debug|Any CPU
		{E6D2E9CB-8EC6-4538-A3FC-D90619D7B3A8}.Debug|Any CPU.Build.0 = Debug|Any CPU
		{E6D2E9CB-8EC6-4538-A3FC-D90619D7B3A8}.Release|Any CPU.ActiveCfg = Release|Any CPU
		{E6D2E9CB-8EC6-4538-A3FC-D90619D7B3A8}.Release|Any CPU.Build.0 = Release|Any CPU
		{6956E5CB-5C38-4196-8FDC-3F22AE2A1989}.Debug|Any CPU.ActiveCfg = Debug|Any CPU
		{6956E5CB-5C38-4196-8FDC-3F22AE2A1989}.Debug|Any CPU.Build.0 = Debug|Any CPU
		{6956E5CB-5C38-4196-8FDC-3F22AE2A1989}.Release|Any CPU.ActiveCfg = Release|Any CPU
		{6956E5CB-5C38-4196-8FDC-3F22AE2A1989}.Release|Any CPU.Build.0 = Release|Any CPU
		{0CF816AF-4EBB-487A-98EE-32CBC781992D}.Debug|Any CPU.ActiveCfg = Debug|Any CPU
		{0CF816AF-4EBB-487A-98EE-32CBC781992D}.Debug|Any CPU.Build.0 = Debug|Any CPU
		{0CF816AF-4EBB-487A-98EE-32CBC781992D}.Release|Any CPU.ActiveCfg = Release|Any CPU
		{0CF816AF-4EBB-487A-98EE-32CBC781992D}.Release|Any CPU.Build.0 = Release|Any CPU
		{7649EA08-4B41-4DAB-AFB5-5531B5C21CC8}.Debug|Any CPU.ActiveCfg = Debug|Any CPU
		{7649EA08-4B41-4DAB-AFB5-5531B5C21CC8}.Debug|Any CPU.Build.0 = Debug|Any CPU
		{7649EA08-4B41-4DAB-AFB5-5531B5C21CC8}.Release|Any CPU.ActiveCfg = Release|Any CPU
		{7649EA08-4B41-4DAB-AFB5-5531B5C21CC8}.Release|Any CPU.Build.0 = Release|Any CPU
		{8A0E54FB-C920-4951-8BAF-FF60E6D02FF0}.Debug|Any CPU.ActiveCfg = Debug|Any CPU
		{8A0E54FB-C920-4951-8BAF-FF60E6D02FF0}.Debug|Any CPU.Build.0 = Debug|Any CPU
		{8A0E54FB-C920-4951-8BAF-FF60E6D02FF0}.Release|Any CPU.ActiveCfg = Release|Any CPU
		{8A0E54FB-C920-4951-8BAF-FF60E6D02FF0}.Release|Any CPU.Build.0 = Release|Any CPU
	EndGlobalSection
	GlobalSection(SolutionProperties) = preSolution
		HideSolutionNode = FALSE
	EndGlobalSection
	GlobalSection(ExtensibilityGlobals) = postSolution
		SolutionGuid = {51AEA3F5-88F5-4E3A-915B-8D1252F4AAE4}
	EndGlobalSection
EndGlobal
